
Microsoft Visual Studio Solution File, Format Version 12.00
# Visual Studio Version 16
VisualStudioVersion = 16.0.31424.327
MinimumVisualStudioVersion = 10.0.40219.1
Project("{FAE04EC0-301F-11D3-BF4B-00C04F79EFBC}") = "StudentSatisfaction.API", "StudentSatisfaction.API\StudentSatisfaction.API.csproj", "{5EDEB8AA-BE4B-4D14-A6D8-5E77674DADE6}"
EndProject
Project("{2150E333-8FDC-42A3-9474-1A3956D46DE8}") = "01.Presentation", "01.Presentation", "{0C3BBF45-2056-48BF-BB71-E945ECE94D54}"
EndProject
Project("{2150E333-8FDC-42A3-9474-1A3956D46DE8}") = "02.Business", "02.Business", "{8A9D55F7-0EB8-4F07-A7EF-602725C340E6}"
EndProject
Project("{2150E333-8FDC-42A3-9474-1A3956D46DE8}") = "03.Persistence", "03.Persistence", "{BE3303AF-B577-4027-BCEF-B75D1B944469}"
EndProject
Project("{FAE04EC0-301F-11D3-BF4B-00C04F79EFBC}") = "StudentSatisfaction.Entities", "StudentSatisfaction.Entities\StudentSatisfaction.Entities.csproj", "{4056F54E-0320-4532-A8D5-3F8A8F97ED9E}"
EndProject
Project("{FAE04EC0-301F-11D3-BF4B-00C04F79EFBC}") = "StudentSatisfaction.Persistence", "StudentSatisfaction.Persistence\StudentSatisfaction.Persistence.csproj", "{A8008583-8974-4382-BA8A-F6ED07D88479}"
EndProject
Global
	GlobalSection(SolutionConfigurationPlatforms) = preSolution
		Debug|Any CPU = Debug|Any CPU
		Release|Any CPU = Release|Any CPU
	EndGlobalSection
	GlobalSection(ProjectConfigurationPlatforms) = postSolution
		{5EDEB8AA-BE4B-4D14-A6D8-5E77674DADE6}.Debug|Any CPU.ActiveCfg = Debug|Any CPU
		{5EDEB8AA-BE4B-4D14-A6D8-5E77674DADE6}.Debug|Any CPU.Build.0 = Debug|Any CPU
		{5EDEB8AA-BE4B-4D14-A6D8-5E77674DADE6}.Release|Any CPU.ActiveCfg = Release|Any CPU
		{5EDEB8AA-BE4B-4D14-A6D8-5E77674DADE6}.Release|Any CPU.Build.0 = Release|Any CPU
		{4056F54E-0320-4532-A8D5-3F8A8F97ED9E}.Debug|Any CPU.ActiveCfg = Debug|Any CPU
		{4056F54E-0320-4532-A8D5-3F8A8F97ED9E}.Debug|Any CPU.Build.0 = Debug|Any CPU
		{4056F54E-0320-4532-A8D5-3F8A8F97ED9E}.Release|Any CPU.ActiveCfg = Release|Any CPU
		{4056F54E-0320-4532-A8D5-3F8A8F97ED9E}.Release|Any CPU.Build.0 = Release|Any CPU
		{A8008583-8974-4382-BA8A-F6ED07D88479}.Debug|Any CPU.ActiveCfg = Debug|Any CPU
		{A8008583-8974-4382-BA8A-F6ED07D88479}.Debug|Any CPU.Build.0 = Debug|Any CPU
		{A8008583-8974-4382-BA8A-F6ED07D88479}.Release|Any CPU.ActiveCfg = Release|Any CPU
		{A8008583-8974-4382-BA8A-F6ED07D88479}.Release|Any CPU.Build.0 = Release|Any CPU
	EndGlobalSection
	GlobalSection(SolutionProperties) = preSolution
		HideSolutionNode = FALSE
	EndGlobalSection
	GlobalSection(NestedProjects) = preSolution
		{5EDEB8AA-BE4B-4D14-A6D8-5E77674DADE6} = {0C3BBF45-2056-48BF-BB71-E945ECE94D54}
		{4056F54E-0320-4532-A8D5-3F8A8F97ED9E} = {BE3303AF-B577-4027-BCEF-B75D1B944469}
		{A8008583-8974-4382-BA8A-F6ED07D88479} = {BE3303AF-B577-4027-BCEF-B75D1B944469}
	EndGlobalSection
	GlobalSection(ExtensibilityGlobals) = postSolution
		SolutionGuid = {24A40200-CD04-4151-AE9F-BED07C8A2036}
	EndGlobalSection
EndGlobal
